{
  "requires": true,
  "lockfileVersion": 1,
  "dependencies": {
    "material-icons": {
      "version": "0.2.3",
      "resolved": "https://registry.npmjs.org/material-icons/-/material-icons-0.2.3.tgz",
      "integrity": "sha512-1Q5wp4aeGWjE5POMtdLmqJn94QM7vmUCeJhNO5m0oDrtW1jfWlaLK73vF3C7/fuMD7NIVicyK8TSkwd+diFgaQ=="
    },
    "vue": {
      "version": "2.5.17",
      "resolved": "https://registry.npmjs.org/vue/-/vue-2.5.17.tgz",
      "integrity": "sha512-mFbcWoDIJi0w0Za4emyLiW72Jae0yjANHbCVquMKijcavBGypqlF7zHRgMa5k4sesdv7hv2rB4JPdZfR+TPfhQ=="
    },
    "vuesax": {
      "version": "3.4.7",
      "resolved": "https://registry.npmjs.org/vuesax/-/vuesax-3.4.7.tgz",
      "integrity": "sha512-4lr7YpEaEphRscf7eRJwfIheYhg163duPF4JYUHbzImMfG4X7SFEeydaI4Q6OBW3UjrVf4mN7KD0GKscrgH5+g==",
      "requires": {
        "vue": "2.5.17"
      }
    }
  }
}
